
Microsoft Visual Studio Solution File, Format Version 12.00
# Visual Studio 15
VisualStudioVersion = 15.0.27703.2042
MinimumVisualStudioVersion = 10.0.40219.1
Project("{FAE04EC0-301F-11D3-BF4B-00C04F79EFBC}") = "TestEffect.UWP", "TestEffect\TestEffect.UWP\TestEffect.UWP.csproj", "{B3A0FD13-9707-43DA-A526-D98357E3482E}"
EndProject
Project("{FAE04EC0-301F-11D3-BF4B-00C04F79EFBC}") = "TestEffect", "TestEffect\TestEffect\TestEffect.csproj", "{731AA336-8487-4D7E-93D1-F7DAD7616F82}"
EndProject
Global
	GlobalSection(SolutionConfigurationPlatforms) = preSolution
		Debug|Any CPU = Debug|Any CPU
		Debug|ARM = Debug|ARM
		Debug|x64 = Debug|x64
		Debug|x86 = Debug|x86
		Release|Any CPU = Release|Any CPU
		Release|ARM = Release|ARM
		Release|x64 = Release|x64
		Release|x86 = Release|x86
	EndGlobalSection
	GlobalSection(ProjectConfigurationPlatforms) = postSolution
		{B3A0FD13-9707-43DA-A526-D98357E3482E}.Debug|Any CPU.ActiveCfg = Debug|x86
		{B3A0FD13-9707-43DA-A526-D98357E3482E}.Debug|Any CPU.Build.0 = Debug|x86
		{B3A0FD13-9707-43DA-A526-D98357E3482E}.Debug|Any CPU.Deploy.0 = Debug|x86
		{B3A0FD13-9707-43DA-A526-D98357E3482E}.Debug|ARM.ActiveCfg = Debug|ARM
		{B3A0FD13-9707-43DA-A526-D98357E3482E}.Debug|ARM.Build.0 = Debug|ARM
		{B3A0FD13-9707-43DA-A526-D98357E3482E}.Debug|ARM.Deploy.0 = Debug|ARM
		{B3A0FD13-9707-43DA-A526-D98357E3482E}.Debug|x64.ActiveCfg = Debug|x64
		{B3A0FD13-9707-43DA-A526-D98357E3482E}.Debug|x64.Build.0 = Debug|x64
		{B3A0FD13-9707-43DA-A526-D98357E3482E}.Debug|x64.Deploy.0 = Debug|x64
		{B3A0FD13-9707-43DA-A526-D98357E3482E}.Debug|x86.ActiveCfg = Debug|x86
		{B3A0FD13-9707-43DA-A526-D98357E3482E}.Debug|x86.Build.0 = Debug|x86
		{B3A0FD13-9707-43DA-A526-D98357E3482E}.Debug|x86.Deploy.0 = Debug|x86
		{B3A0FD13-9707-43DA-A526-D98357E3482E}.Release|Any CPU.ActiveCfg = Release|x86
		{B3A0FD13-9707-43DA-A526-D98357E3482E}.Release|Any CPU.Build.0 = Release|x86
		{B3A0FD13-9707-43DA-A526-D98357E3482E}.Release|Any CPU.Deploy.0 = Release|x86
		{B3A0FD13-9707-43DA-A526-D98357E3482E}.Release|ARM.ActiveCfg = Release|ARM
		{B3A0FD13-9707-43DA-A526-D98357E3482E}.Release|ARM.Build.0 = Release|ARM
		{B3A0FD13-9707-43DA-A526-D98357E3482E}.Release|ARM.Deploy.0 = Release|ARM
		{B3A0FD13-9707-43DA-A526-D98357E3482E}.Release|x64.ActiveCfg = Release|x64
		{B3A0FD13-9707-43DA-A526-D98357E3482E}.Release|x64.Build.0 = Release|x64
		{B3A0FD13-9707-43DA-A526-D98357E3482E}.Release|x64.Deploy.0 = Release|x64
		{B3A0FD13-9707-43DA-A526-D98357E3482E}.Release|x86.ActiveCfg = Release|x86
		{B3A0FD13-9707-43DA-A526-D98357E3482E}.Release|x86.Build.0 = Release|x86
		{B3A0FD13-9707-43DA-A526-D98357E3482E}.Release|x86.Deploy.0 = Release|x86
		{731AA336-8487-4D7E-93D1-F7DAD7616F82}.Debug|Any CPU.ActiveCfg = Debug|Any CPU
		{731AA336-8487-4D7E-93D1-F7DAD7616F82}.Debug|Any CPU.Build.0 = Debug|Any CPU
		{731AA336-8487-4D7E-93D1-F7DAD7616F82}.Debug|Any CPU.Deploy.0 = Debug|Any CPU
		{731AA336-8487-4D7E-93D1-F7DAD7616F82}.Debug|ARM.ActiveCfg = Debug|Any CPU
		{731AA336-8487-4D7E-93D1-F7DAD7616F82}.Debug|ARM.Build.0 = Debug|Any CPU
		{731AA336-8487-4D7E-93D1-F7DAD7616F82}.Debug|ARM.Deploy.0 = Debug|Any CPU
		{731AA336-8487-4D7E-93D1-F7DAD7616F82}.Debug|x64.ActiveCfg = Debug|Any CPU
		{731AA336-8487-4D7E-93D1-F7DAD7616F82}.Debug|x64.Build.0 = Debug|Any CPU
		{731AA336-8487-4D7E-93D1-F7DAD7616F82}.Debug|x64.Deploy.0 = Debug|Any CPU
		{731AA336-8487-4D7E-93D1-F7DAD7616F82}.Debug|x86.ActiveCfg = Debug|Any CPU
		{731AA336-8487-4D7E-93D1-F7DAD7616F82}.Debug|x86.Build.0 = Debug|Any CPU
		{731AA336-8487-4D7E-93D1-F7DAD7616F82}.Debug|x86.Deploy.0 = Debug|Any CPU
		{731AA336-8487-4D7E-93D1-F7DAD7616F82}.Release|Any CPU.ActiveCfg = Release|Any CPU
		{731AA336-8487-4D7E-93D1-F7DAD7616F82}.Release|Any CPU.Build.0 = Release|Any CPU
		{731AA336-8487-4D7E-93D1-F7DAD7616F82}.Release|Any CPU.Deploy.0 = Release|Any CPU
		{731AA336-8487-4D7E-93D1-F7DAD7616F82}.Release|ARM.ActiveCfg = Release|Any CPU
		{731AA336-8487-4D7E-93D1-F7DAD7616F82}.Release|ARM.Build.0 = Release|Any CPU
		{731AA336-8487-4D7E-93D1-F7DAD7616F82}.Release|ARM.Deploy.0 = Release|Any CPU
		{731AA336-8487-4D7E-93D1-F7DAD7616F82}.Release|x64.ActiveCfg = Release|Any CPU
		{731AA336-8487-4D7E-93D1-F7DAD7616F82}.Release|x64.Build.0 = Release|Any CPU
		{731AA336-8487-4D7E-93D1-F7DAD7616F82}.Release|x64.Deploy.0 = Release|Any CPU
		{731AA336-8487-4D7E-93D1-F7DAD7616F82}.Release|x86.ActiveCfg = Release|Any CPU
		{731AA336-8487-4D7E-93D1-F7DAD7616F82}.Release|x86.Build.0 = Release|Any CPU
		{731AA336-8487-4D7E-93D1-F7DAD7616F82}.Release|x86.Deploy.0 = Release|Any CPU
	EndGlobalSection
	GlobalSection(SolutionProperties) = preSolution
		HideSolutionNode = FALSE
	EndGlobalSection
	GlobalSection(ExtensibilityGlobals) = postSolution
		SolutionGuid = {43F7A63F-E4FA-43EA-8D01-3AD9B65CF952}
	EndGlobalSection
EndGlobal
